
Microsoft Visual Studio Solution File, Format Version 12.00
# Visual Studio Version 17
VisualStudioVersion = 17.11.35327.3
MinimumVisualStudioVersion = 10.0.40219.1
Project("{2150E333-8FDC-42A3-9474-1A3956D46DE8}") = "Core", "Core", "{0368ED18-B519-4037-A93D-4ED665FE0DDA}"
EndProject
Project("{2150E333-8FDC-42A3-9474-1A3956D46DE8}") = "Infrastructure", "Infrastructure", "{C3123BED-1E8A-4BF3-B39F-E889055684A1}"
EndProject
Project("{2150E333-8FDC-42A3-9474-1A3956D46DE8}") = "Presentation", "Presentation", "{D88F5B1C-C951-4E89-B230-4F9139AC2182}"
EndProject
Project("{2150E333-8FDC-42A3-9474-1A3956D46DE8}") = "Entities", "Entities", "{42BFEB32-DB4A-4694-AC88-A9D1DDD280BC}"
EndProject
Project("{2150E333-8FDC-42A3-9474-1A3956D46DE8}") = "Interfaces", "Interfaces", "{16739BF9-15F1-4933-982E-6CE77F83F320}"
EndProject
Project("{2150E333-8FDC-42A3-9474-1A3956D46DE8}") = "Services", "Services", "{E970DC54-F44F-43F1-8269-031C2AF04035}"
EndProject
Project("{2150E333-8FDC-42A3-9474-1A3956D46DE8}") = "DTOs", "DTOs", "{AE985D7B-77CA-47A9-8365-E0C3140D2D01}"
EndProject
Project("{2150E333-8FDC-42A3-9474-1A3956D46DE8}") = "Repositories", "Repositories", "{C5A61181-6242-4AB2-B596-2C8653A7B5FE}"
EndProject
Project("{2150E333-8FDC-42A3-9474-1A3956D46DE8}") = "Persistence", "Persistence", "{B94165A0-962D-4AF7-9A9D-59C67F157CA4}"
EndProject
Project("{2150E333-8FDC-42A3-9474-1A3956D46DE8}") = "WebAPI", "WebAPI", "{B7B6AF1A-599A-4619-AEF0-DF4A309DAF38}"
EndProject
Project("{2150E333-8FDC-42A3-9474-1A3956D46DE8}") = "Core.Domain", "Core.Domain", "{20B2D315-A748-4FC2-892B-9582E9AC35F3}"
EndProject
Project("{2150E333-8FDC-42A3-9474-1A3956D46DE8}") = "Core.Application", "Core.Application", "{E8FCEB9B-2EB3-462E-AC7F-984A9F6A2CEF}"
EndProject
Project("{9A19103F-16F7-4668-BE54-9A1E7A4F7556}") = "SampleArchi.Core.Domain.Entities", "src\Core\Core.Domain\Entities\Code\SampleArchi.Core.Domain.Entities.csproj", "{9DB24826-4853-4F5C-B201-E6F3891F1483}"
EndProject
Project("{9A19103F-16F7-4668-BE54-9A1E7A4F7556}") = "SampleArchi.Core.Domain.Interfaces", "src\Core\Core.Domain\Interfaces\SampleArchi.Core.Domain.Interfaces.csproj", "{5CD452F8-C23F-4DAF-8C40-EB2DCC9B1440}"
EndProject
Project("{9A19103F-16F7-4668-BE54-9A1E7A4F7556}") = "SampleArchi.Core.Application.Services", "src\Core\Core.Application\Services\SampleArchi.Core.Application.Services.csproj", "{29F6D81E-6797-40B8-A209-B1429F9C07C9}"
EndProject
Project("{9A19103F-16F7-4668-BE54-9A1E7A4F7556}") = "SampleArchi.Core.Application.DTOS", "src\Core\Core.Application\DTOs\SampleArchi.Core.Application.DTOS.csproj", "{C9E73AE7-719D-4E4E-ADDB-B244CA50B7AB}"
EndProject
Project("{9A19103F-16F7-4668-BE54-9A1E7A4F7556}") = "SampleArchi.Infrastructure.Persistence", "src\Infrastructure\Persistence\SampleArchi.Infrastructure.Persistence.csproj", "{4ED694D7-2398-4424-967A-0BCE6BA59EF1}"
EndProject
Project("{9A19103F-16F7-4668-BE54-9A1E7A4F7556}") = "SampleArchi.Infrastructure.Repository", "src\Infrastructure\Repositories\SampleArchi.Infrastructure.Repository.csproj", "{FF4FC4CC-6D0B-4FDC-9FD7-9185C47BEC71}"
EndProject
Project("{2150E333-8FDC-42A3-9474-1A3956D46DE8}") = "WebUI", "WebUI", "{F0354D77-70F3-4926-9781-EAFCB420A2D5}"
EndProject
Project("{9A19103F-16F7-4668-BE54-9A1E7A4F7556}") = "SampleArchi.Presentation.WebUI", "src\Presentation\WebUI\SampleArchi.Presentation.WebUI.csproj", "{9F96BF52-E693-4EF4-A506-3F5B18CB6DE8}"
EndProject
Project("{9A19103F-16F7-4668-BE54-9A1E7A4F7556}") = "SampleArchi.Presentation.WebUI", "src\Presentation\WebAPI\SampleArchi.Presentation.WebUI.csproj", "{20814A0B-AA88-4615-8823-553667BFC8D7}"
EndProject
Project("{2150E333-8FDC-42A3-9474-1A3956D46DE8}") = "Tests", "Tests", "{D6CD1C90-248F-4EAB-8E62-6E74BEB75379}"
EndProject
Project("{2150E333-8FDC-42A3-9474-1A3956D46DE8}") = "IntegrationTests", "IntegrationTests", "{3BEA42D4-1CC1-4298-9F73-E0B173B3898C}"
EndProject
Project("{2150E333-8FDC-42A3-9474-1A3956D46DE8}") = "UnitTests", "UnitTests", "{824C99A9-FDC2-423B-938F-D27D40933D8D}"
EndProject
Project("{FAE04EC0-301F-11D3-BF4B-00C04F79EFBC}") = "SampleArchi.Tests.IntegrationTests", "src\Tests\IntegrationTests\SampleArchi.Tests.IntegrationTests.csproj", "{9BFB7560-0A4B-430D-866A-907E27ADEF79}"
EndProject
Project("{FAE04EC0-301F-11D3-BF4B-00C04F79EFBC}") = "SampleArchi.Tests.UnitTests", "src\Tests\UnitTests\SampleArchi.Tests.UnitTests.csproj", "{4A539C67-12A0-4EDA-AF6D-092DE72BC164}"
EndProject
Global
	GlobalSection(SolutionConfigurationPlatforms) = preSolution
		Debug|Any CPU = Debug|Any CPU
		Release|Any CPU = Release|Any CPU
	EndGlobalSection
	GlobalSection(ProjectConfigurationPlatforms) = postSolution
		{9DB24826-4853-4F5C-B201-E6F3891F1483}.Debug|Any CPU.ActiveCfg = Debug|Any CPU
		{9DB24826-4853-4F5C-B201-E6F3891F1483}.Debug|Any CPU.Build.0 = Debug|Any CPU
		{9DB24826-4853-4F5C-B201-E6F3891F1483}.Release|Any CPU.ActiveCfg = Release|Any CPU
		{9DB24826-4853-4F5C-B201-E6F3891F1483}.Release|Any CPU.Build.0 = Release|Any CPU
		{5CD452F8-C23F-4DAF-8C40-EB2DCC9B1440}.Debug|Any CPU.ActiveCfg = Debug|Any CPU
		{5CD452F8-C23F-4DAF-8C40-EB2DCC9B1440}.Debug|Any CPU.Build.0 = Debug|Any CPU
		{5CD452F8-C23F-4DAF-8C40-EB2DCC9B1440}.Release|Any CPU.ActiveCfg = Release|Any CPU
		{5CD452F8-C23F-4DAF-8C40-EB2DCC9B1440}.Release|Any CPU.Build.0 = Release|Any CPU
		{29F6D81E-6797-40B8-A209-B1429F9C07C9}.Debug|Any CPU.ActiveCfg = Debug|Any CPU
		{29F6D81E-6797-40B8-A209-B1429F9C07C9}.Debug|Any CPU.Build.0 = Debug|Any CPU
		{29F6D81E-6797-40B8-A209-B1429F9C07C9}.Release|Any CPU.ActiveCfg = Release|Any CPU
		{29F6D81E-6797-40B8-A209-B1429F9C07C9}.Release|Any CPU.Build.0 = Release|Any CPU
		{C9E73AE7-719D-4E4E-ADDB-B244CA50B7AB}.Debug|Any CPU.ActiveCfg = Debug|Any CPU
		{C9E73AE7-719D-4E4E-ADDB-B244CA50B7AB}.Debug|Any CPU.Build.0 = Debug|Any CPU
		{C9E73AE7-719D-4E4E-ADDB-B244CA50B7AB}.Release|Any CPU.ActiveCfg = Release|Any CPU
		{C9E73AE7-719D-4E4E-ADDB-B244CA50B7AB}.Release|Any CPU.Build.0 = Release|Any CPU
		{4ED694D7-2398-4424-967A-0BCE6BA59EF1}.Debug|Any CPU.ActiveCfg = Debug|Any CPU
		{4ED694D7-2398-4424-967A-0BCE6BA59EF1}.Debug|Any CPU.Build.0 = Debug|Any CPU
		{4ED694D7-2398-4424-967A-0BCE6BA59EF1}.Release|Any CPU.ActiveCfg = Release|Any CPU
		{4ED694D7-2398-4424-967A-0BCE6BA59EF1}.Release|Any CPU.Build.0 = Release|Any CPU
		{FF4FC4CC-6D0B-4FDC-9FD7-9185C47BEC71}.Debug|Any CPU.ActiveCfg = Debug|Any CPU
		{FF4FC4CC-6D0B-4FDC-9FD7-9185C47BEC71}.Debug|Any CPU.Build.0 = Debug|Any CPU
		{FF4FC4CC-6D0B-4FDC-9FD7-9185C47BEC71}.Release|Any CPU.ActiveCfg = Release|Any CPU
		{FF4FC4CC-6D0B-4FDC-9FD7-9185C47BEC71}.Release|Any CPU.Build.0 = Release|Any CPU
		{9F96BF52-E693-4EF4-A506-3F5B18CB6DE8}.Debug|Any CPU.ActiveCfg = Debug|Any CPU
		{9F96BF52-E693-4EF4-A506-3F5B18CB6DE8}.Debug|Any CPU.Build.0 = Debug|Any CPU
		{9F96BF52-E693-4EF4-A506-3F5B18CB6DE8}.Release|Any CPU.ActiveCfg = Release|Any CPU
		{9F96BF52-E693-4EF4-A506-3F5B18CB6DE8}.Release|Any CPU.Build.0 = Release|Any CPU
		{20814A0B-AA88-4615-8823-553667BFC8D7}.Debug|Any CPU.ActiveCfg = Debug|Any CPU
		{20814A0B-AA88-4615-8823-553667BFC8D7}.Debug|Any CPU.Build.0 = Debug|Any CPU
		{20814A0B-AA88-4615-8823-553667BFC8D7}.Release|Any CPU.ActiveCfg = Release|Any CPU
		{20814A0B-AA88-4615-8823-553667BFC8D7}.Release|Any CPU.Build.0 = Release|Any CPU
		{9BFB7560-0A4B-430D-866A-907E27ADEF79}.Debug|Any CPU.ActiveCfg = Debug|Any CPU
		{9BFB7560-0A4B-430D-866A-907E27ADEF79}.Debug|Any CPU.Build.0 = Debug|Any CPU
		{9BFB7560-0A4B-430D-866A-907E27ADEF79}.Release|Any CPU.ActiveCfg = Release|Any CPU
		{9BFB7560-0A4B-430D-866A-907E27ADEF79}.Release|Any CPU.Build.0 = Release|Any CPU
		{4A539C67-12A0-4EDA-AF6D-092DE72BC164}.Debug|Any CPU.ActiveCfg = Debug|Any CPU
		{4A539C67-12A0-4EDA-AF6D-092DE72BC164}.Debug|Any CPU.Build.0 = Debug|Any CPU
		{4A539C67-12A0-4EDA-AF6D-092DE72BC164}.Release|Any CPU.ActiveCfg = Release|Any CPU
		{4A539C67-12A0-4EDA-AF6D-092DE72BC164}.Release|Any CPU.Build.0 = Release|Any CPU
	EndGlobalSection
	GlobalSection(SolutionProperties) = preSolution
		HideSolutionNode = FALSE
	EndGlobalSection
	GlobalSection(NestedProjects) = preSolution
		{42BFEB32-DB4A-4694-AC88-A9D1DDD280BC} = {20B2D315-A748-4FC2-892B-9582E9AC35F3}
		{16739BF9-15F1-4933-982E-6CE77F83F320} = {20B2D315-A748-4FC2-892B-9582E9AC35F3}
		{E970DC54-F44F-43F1-8269-031C2AF04035} = {E8FCEB9B-2EB3-462E-AC7F-984A9F6A2CEF}
		{AE985D7B-77CA-47A9-8365-E0C3140D2D01} = {E8FCEB9B-2EB3-462E-AC7F-984A9F6A2CEF}
		{C5A61181-6242-4AB2-B596-2C8653A7B5FE} = {C3123BED-1E8A-4BF3-B39F-E889055684A1}
		{B94165A0-962D-4AF7-9A9D-59C67F157CA4} = {C3123BED-1E8A-4BF3-B39F-E889055684A1}
		{B7B6AF1A-599A-4619-AEF0-DF4A309DAF38} = {D88F5B1C-C951-4E89-B230-4F9139AC2182}
		{20B2D315-A748-4FC2-892B-9582E9AC35F3} = {0368ED18-B519-4037-A93D-4ED665FE0DDA}
		{E8FCEB9B-2EB3-462E-AC7F-984A9F6A2CEF} = {0368ED18-B519-4037-A93D-4ED665FE0DDA}
		{9DB24826-4853-4F5C-B201-E6F3891F1483} = {42BFEB32-DB4A-4694-AC88-A9D1DDD280BC}
		{5CD452F8-C23F-4DAF-8C40-EB2DCC9B1440} = {16739BF9-15F1-4933-982E-6CE77F83F320}
		{29F6D81E-6797-40B8-A209-B1429F9C07C9} = {E970DC54-F44F-43F1-8269-031C2AF04035}
		{C9E73AE7-719D-4E4E-ADDB-B244CA50B7AB} = {AE985D7B-77CA-47A9-8365-E0C3140D2D01}
		{4ED694D7-2398-4424-967A-0BCE6BA59EF1} = {B94165A0-962D-4AF7-9A9D-59C67F157CA4}
		{FF4FC4CC-6D0B-4FDC-9FD7-9185C47BEC71} = {C5A61181-6242-4AB2-B596-2C8653A7B5FE}
		{F0354D77-70F3-4926-9781-EAFCB420A2D5} = {D88F5B1C-C951-4E89-B230-4F9139AC2182}
		{9F96BF52-E693-4EF4-A506-3F5B18CB6DE8} = {F0354D77-70F3-4926-9781-EAFCB420A2D5}
		{20814A0B-AA88-4615-8823-553667BFC8D7} = {B7B6AF1A-599A-4619-AEF0-DF4A309DAF38}
		{3BEA42D4-1CC1-4298-9F73-E0B173B3898C} = {D6CD1C90-248F-4EAB-8E62-6E74BEB75379}
		{824C99A9-FDC2-423B-938F-D27D40933D8D} = {D6CD1C90-248F-4EAB-8E62-6E74BEB75379}
		{9BFB7560-0A4B-430D-866A-907E27ADEF79} = {3BEA42D4-1CC1-4298-9F73-E0B173B3898C}
		{4A539C67-12A0-4EDA-AF6D-092DE72BC164} = {824C99A9-FDC2-423B-938F-D27D40933D8D}
	EndGlobalSection
	GlobalSection(ExtensibilityGlobals) = postSolution
		SolutionGuid = {39728EEF-C45B-4D64-8A13-B1D2D80C0D1F}
	EndGlobalSection
EndGlobal
